// !$*UTF8*$!
{
	archiveVersion = 1;
	classes = {
	};
	objectVersion = 55;
	objects = {

/* Begin PBXBuildFile section */
		0E2E52DC9FB0F27FF8F73166 /* Pods_LBGAssignment.framework in Frameworks */ = {isa = PBXBuildFile; fileRef = B36E5A9717EAC62FA3ECB0F2 /* Pods_LBGAssignment.framework */; };
		16E0C66F1D05CC8D5D322633 /* Pods_LBGAssignmentTests.framework in Frameworks */ = {isa = PBXBuildFile; fileRef = 85EDD1E44DDA6891F23CAAFF /* Pods_LBGAssignmentTests.framework */; };
		C44B196F293B55D1006B80AA /* UserListViewControllerTests.swift in Sources */ = {isa = PBXBuildFile; fileRef = C44B196E293B55D1006B80AA /* UserListViewControllerTests.swift */; };
		C44B1974293B6F41006B80AA /* UserDetailsViewControllerTests.swift in Sources */ = {isa = PBXBuildFile; fileRef = C44B1972293B6F3B006B80AA /* UserDetailsViewControllerTests.swift */; };
		C44B1975293B78D9006B80AA /* Main.storyboard in Resources */ = {isa = PBXBuildFile; fileRef = C4889CAC2937594E00E03D35 /* Main.storyboard */; };
		C46D0FAC29376EB5000DE8E5 /* Users_Empty.json in Resources */ = {isa = PBXBuildFile; fileRef = C46D0FAA29376EB5000DE8E5 /* Users_Empty.json */; };
		C46D0FAE29378BBD000DE8E5 /* NetworkTests.swift in Sources */ = {isa = PBXBuildFile; fileRef = C46D0FAD29378BBD000DE8E5 /* NetworkTests.swift */; };
		C47D5616293E4AFE00497171 /* HTTPService.swift in Sources */ = {isa = PBXBuildFile; fileRef = C47D5615293E4AFE00497171 /* HTTPService.swift */; };
		C47E672D2939DE340008D3C0 /* APIError.swift in Sources */ = {isa = PBXBuildFile; fileRef = C47E672C2939DE340008D3C0 /* APIError.swift */; };
		C47E672E2939DE470008D3C0 /* APIError.swift in Sources */ = {isa = PBXBuildFile; fileRef = C47E672C2939DE340008D3C0 /* APIError.swift */; };
		C47E67412939E58B0008D3C0 /* Users_Invalid.json in Resources */ = {isa = PBXBuildFile; fileRef = C46D0FA829376DF7000DE8E5 /* Users_Invalid.json */; };
		C47E67452939EA000008D3C0 /* Utils.swift in Sources */ = {isa = PBXBuildFile; fileRef = C47E67442939EA000008D3C0 /* Utils.swift */; };
		C47E67462939EFB30008D3C0 /* Utils.swift in Sources */ = {isa = PBXBuildFile; fileRef = C47E67442939EA000008D3C0 /* Utils.swift */; };
		C47E674E2939FA490008D3C0 /* LBGAssignmentUITests.swift in Sources */ = {isa = PBXBuildFile; fileRef = C47E674D2939FA490008D3C0 /* LBGAssignmentUITests.swift */; };
		C47E67502939FA490008D3C0 /* LBGAssignmentUITestsLaunchTests.swift in Sources */ = {isa = PBXBuildFile; fileRef = C47E674F2939FA490008D3C0 /* LBGAssignmentUITestsLaunchTests.swift */; };
		C4889CA72937594E00E03D35 /* AppDelegate.swift in Sources */ = {isa = PBXBuildFile; fileRef = C4889CA62937594E00E03D35 /* AppDelegate.swift */; };
		C4889CAE2937594E00E03D35 /* Main.storyboard in Resources */ = {isa = PBXBuildFile; fileRef = C4889CAC2937594E00E03D35 /* Main.storyboard */; };
		C4889CB02937595000E03D35 /* Assets.xcassets in Resources */ = {isa = PBXBuildFile; fileRef = C4889CAF2937595000E03D35 /* Assets.xcassets */; };
		C4889CB32937595000E03D35 /* LaunchScreen.storyboard in Resources */ = {isa = PBXBuildFile; fileRef = C4889CB12937595000E03D35 /* LaunchScreen.storyboard */; };
		C4889CBE2937595000E03D35 /* LBGAssignmentTests.swift in Sources */ = {isa = PBXBuildFile; fileRef = C4889CBD2937595000E03D35 /* LBGAssignmentTests.swift */; };
		C4889CE82937598100E03D35 /* Constants.swift in Sources */ = {isa = PBXBuildFile; fileRef = C4889CD72937597F00E03D35 /* Constants.swift */; };
		C4889CE92937598100E03D35 /* Constants.swift in Sources */ = {isa = PBXBuildFile; fileRef = C4889CD72937597F00E03D35 /* Constants.swift */; };
		C4889CEC2937598100E03D35 /* Users.json in Resources */ = {isa = PBXBuildFile; fileRef = C4889CD82937597F00E03D35 /* Users.json */; };
		C4889CEE2937598100E03D35 /* NetworkManager.swift in Sources */ = {isa = PBXBuildFile; fileRef = C4889CDA2937597F00E03D35 /* NetworkManager.swift */; };
		C4889CEF2937598100E03D35 /* NetworkManager.swift in Sources */ = {isa = PBXBuildFile; fileRef = C4889CDA2937597F00E03D35 /* NetworkManager.swift */; };
		C4889CF22937598100E03D35 /* LocalManager.swift in Sources */ = {isa = PBXBuildFile; fileRef = C4889CDB2937597F00E03D35 /* LocalManager.swift */; };
		C4889CF42937598100E03D35 /* Endpoint.swift in Sources */ = {isa = PBXBuildFile; fileRef = C4889CDC2937597F00E03D35 /* Endpoint.swift */; };
		C4889CF52937598100E03D35 /* Endpoint.swift in Sources */ = {isa = PBXBuildFile; fileRef = C4889CDC2937597F00E03D35 /* Endpoint.swift */; };
		C4889CF72937598100E03D35 /* User.swift in Sources */ = {isa = PBXBuildFile; fileRef = C4889CDE2937598000E03D35 /* User.swift */; };
		C4889CF82937598100E03D35 /* User.swift in Sources */ = {isa = PBXBuildFile; fileRef = C4889CDE2937598000E03D35 /* User.swift */; };
		C4889CFD2937598100E03D35 /* UserListViewModel.swift in Sources */ = {isa = PBXBuildFile; fileRef = C4889CE12937598100E03D35 /* UserListViewModel.swift */; };
		C4889CFE2937598100E03D35 /* UserListViewModel.swift in Sources */ = {isa = PBXBuildFile; fileRef = C4889CE12937598100E03D35 /* UserListViewModel.swift */; };
		C4889D002937598100E03D35 /* BaseViewController.swift in Sources */ = {isa = PBXBuildFile; fileRef = C4889CE32937598100E03D35 /* BaseViewController.swift */; };
		C4889D012937598100E03D35 /* BaseViewController.swift in Sources */ = {isa = PBXBuildFile; fileRef = C4889CE32937598100E03D35 /* BaseViewController.swift */; };
		C4889D032937598100E03D35 /* UserDetailsViewController.swift in Sources */ = {isa = PBXBuildFile; fileRef = C4889CE42937598100E03D35 /* UserDetailsViewController.swift */; };
		C4889D042937598100E03D35 /* UserDetailsViewController.swift in Sources */ = {isa = PBXBuildFile; fileRef = C4889CE42937598100E03D35 /* UserDetailsViewController.swift */; };
		C4889D062937598100E03D35 /* UserListViewController.swift in Sources */ = {isa = PBXBuildFile; fileRef = C4889CE52937598100E03D35 /* UserListViewController.swift */; };
		C4889D072937598100E03D35 /* UserListViewController.swift in Sources */ = {isa = PBXBuildFile; fileRef = C4889CE52937598100E03D35 /* UserListViewController.swift */; };
		C4889D092937598100E03D35 /* UserListCustomCell.swift in Sources */ = {isa = PBXBuildFile; fileRef = C4889CE72937598100E03D35 /* UserListCustomCell.swift */; };
		C4889D0A2937598100E03D35 /* UserListCustomCell.swift in Sources */ = {isa = PBXBuildFile; fileRef = C4889CE72937598100E03D35 /* UserListCustomCell.swift */; };
/* End PBXBuildFile section */

/* Begin PBXContainerItemProxy section */
		C47E67512939FA490008D3C0 /* PBXContainerItemProxy */ = {
			isa = PBXContainerItemProxy;
			containerPortal = C4889C9B2937594E00E03D35 /* Project object */;
			proxyType = 1;
			remoteGlobalIDString = C4889CA22937594E00E03D35;
			remoteInfo = LBGAssignment;
		};
		C4889CBA2937595000E03D35 /* PBXContainerItemProxy */ = {
			isa = PBXContainerItemProxy;
			containerPortal = C4889C9B2937594E00E03D35 /* Project object */;
			proxyType = 1;
			remoteGlobalIDString = C4889CA22937594E00E03D35;
			remoteInfo = LBGAssignment;
		};
/* End PBXContainerItemProxy section */

/* Begin PBXFileReference section */
		40643FAAA2DECE384A4E97B2 /* Pods-LBGAssignmentTests.debug.xcconfig */ = {isa = PBXFileReference; includeInIndex = 1; lastKnownFileType = text.xcconfig; name = "Pods-LBGAssignmentTests.debug.xcconfig"; path = "Target Support Files/Pods-LBGAssignmentTests/Pods-LBGAssignmentTests.debug.xcconfig"; sourceTree = "<group>"; };
		85EDD1E44DDA6891F23CAAFF /* Pods_LBGAssignmentTests.framework */ = {isa = PBXFileReference; explicitFileType = wrapper.framework; includeInIndex = 0; path = Pods_LBGAssignmentTests.framework; sourceTree = BUILT_PRODUCTS_DIR; };
		95C2F9136DA97091340346B6 /* Pods-LBGAssignmentTests.release.xcconfig */ = {isa = PBXFileReference; includeInIndex = 1; lastKnownFileType = text.xcconfig; name = "Pods-LBGAssignmentTests.release.xcconfig"; path = "Target Support Files/Pods-LBGAssignmentTests/Pods-LBGAssignmentTests.release.xcconfig"; sourceTree = "<group>"; };
		B36E5A9717EAC62FA3ECB0F2 /* Pods_LBGAssignment.framework */ = {isa = PBXFileReference; explicitFileType = wrapper.framework; includeInIndex = 0; path = Pods_LBGAssignment.framework; sourceTree = BUILT_PRODUCTS_DIR; };
		C44B196E293B55D1006B80AA /* UserListViewControllerTests.swift */ = {isa = PBXFileReference; lastKnownFileType = sourcecode.swift; path = UserListViewControllerTests.swift; sourceTree = "<group>"; };
		C44B1972293B6F3B006B80AA /* UserDetailsViewControllerTests.swift */ = {isa = PBXFileReference; lastKnownFileType = sourcecode.swift; name = UserDetailsViewControllerTests.swift; path = LBGAssignmentTests/UserDetailsViewControllerTests.swift; sourceTree = SOURCE_ROOT; };
		C46D0FA829376DF7000DE8E5 /* Users_Invalid.json */ = {isa = PBXFileReference; fileEncoding = 4; lastKnownFileType = text.json; path = Users_Invalid.json; sourceTree = "<group>"; };
		C46D0FAA29376EB5000DE8E5 /* Users_Empty.json */ = {isa = PBXFileReference; fileEncoding = 4; lastKnownFileType = text.json; path = Users_Empty.json; sourceTree = "<group>"; };
		C46D0FAD29378BBD000DE8E5 /* NetworkTests.swift */ = {isa = PBXFileReference; lastKnownFileType = sourcecode.swift; path = NetworkTests.swift; sourceTree = "<group>"; };
		C47D5615293E4AFE00497171 /* HTTPService.swift */ = {isa = PBXFileReference; lastKnownFileType = sourcecode.swift; path = HTTPService.swift; sourceTree = "<group>"; };
		C47E672C2939DE340008D3C0 /* APIError.swift */ = {isa = PBXFileReference; lastKnownFileType = sourcecode.swift; path = APIError.swift; sourceTree = "<group>"; };
		C47E67442939EA000008D3C0 /* Utils.swift */ = {isa = PBXFileReference; lastKnownFileType = sourcecode.swift; path = Utils.swift; sourceTree = "<group>"; };
		C47E674B2939FA490008D3C0 /* LBGAssignmentUITests.xctest */ = {isa = PBXFileReference; explicitFileType = wrapper.cfbundle; includeInIndex = 0; path = LBGAssignmentUITests.xctest; sourceTree = BUILT_PRODUCTS_DIR; };
		C47E674D2939FA490008D3C0 /* LBGAssignmentUITests.swift */ = {isa = PBXFileReference; lastKnownFileType = sourcecode.swift; path = LBGAssignmentUITests.swift; sourceTree = "<group>"; };
		C47E674F2939FA490008D3C0 /* LBGAssignmentUITestsLaunchTests.swift */ = {isa = PBXFileReference; lastKnownFileType = sourcecode.swift; path = LBGAssignmentUITestsLaunchTests.swift; sourceTree = "<group>"; };
		C4889CA32937594E00E03D35 /* LBGAssignment.app */ = {isa = PBXFileReference; explicitFileType = wrapper.application; includeInIndex = 0; path = LBGAssignment.app; sourceTree = BUILT_PRODUCTS_DIR; };
		C4889CA62937594E00E03D35 /* AppDelegate.swift */ = {isa = PBXFileReference; lastKnownFileType = sourcecode.swift; path = AppDelegate.swift; sourceTree = "<group>"; };
		C4889CAD2937594E00E03D35 /* Base */ = {isa = PBXFileReference; lastKnownFileType = file.storyboard; name = Base; path = Base.lproj/Main.storyboard; sourceTree = "<group>"; };
		C4889CAF2937595000E03D35 /* Assets.xcassets */ = {isa = PBXFileReference; lastKnownFileType = folder.assetcatalog; path = Assets.xcassets; sourceTree = "<group>"; };
		C4889CB22937595000E03D35 /* Base */ = {isa = PBXFileReference; lastKnownFileType = file.storyboard; name = Base; path = Base.lproj/LaunchScreen.storyboard; sourceTree = "<group>"; };
		C4889CB42937595000E03D35 /* Info.plist */ = {isa = PBXFileReference; lastKnownFileType = text.plist.xml; path = Info.plist; sourceTree = "<group>"; };
		C4889CB92937595000E03D35 /* LBGAssignmentTests.xctest */ = {isa = PBXFileReference; explicitFileType = wrapper.cfbundle; includeInIndex = 0; path = LBGAssignmentTests.xctest; sourceTree = BUILT_PRODUCTS_DIR; };
		C4889CBD2937595000E03D35 /* LBGAssignmentTests.swift */ = {isa = PBXFileReference; lastKnownFileType = sourcecode.swift; path = LBGAssignmentTests.swift; sourceTree = "<group>"; };
		C4889CD72937597F00E03D35 /* Constants.swift */ = {isa = PBXFileReference; fileEncoding = 4; lastKnownFileType = sourcecode.swift; path = Constants.swift; sourceTree = "<group>"; };
		C4889CD82937597F00E03D35 /* Users.json */ = {isa = PBXFileReference; fileEncoding = 4; lastKnownFileType = text.json; path = Users.json; sourceTree = "<group>"; };
		C4889CDA2937597F00E03D35 /* NetworkManager.swift */ = {isa = PBXFileReference; fileEncoding = 4; lastKnownFileType = sourcecode.swift; path = NetworkManager.swift; sourceTree = "<group>"; };
		C4889CDB2937597F00E03D35 /* LocalManager.swift */ = {isa = PBXFileReference; fileEncoding = 4; lastKnownFileType = sourcecode.swift; path = LocalManager.swift; sourceTree = "<group>"; };
		C4889CDC2937597F00E03D35 /* Endpoint.swift */ = {isa = PBXFileReference; fileEncoding = 4; lastKnownFileType = sourcecode.swift; path = Endpoint.swift; sourceTree = "<group>"; };
		C4889CDE2937598000E03D35 /* User.swift */ = {isa = PBXFileReference; fileEncoding = 4; lastKnownFileType = sourcecode.swift; path = User.swift; sourceTree = "<group>"; };
		C4889CE12937598100E03D35 /* UserListViewModel.swift */ = {isa = PBXFileReference; fileEncoding = 4; lastKnownFileType = sourcecode.swift; path = UserListViewModel.swift; sourceTree = "<group>"; };
		C4889CE32937598100E03D35 /* BaseViewController.swift */ = {isa = PBXFileReference; fileEncoding = 4; lastKnownFileType = sourcecode.swift; path = BaseViewController.swift; sourceTree = "<group>"; };
		C4889CE42937598100E03D35 /* UserDetailsViewController.swift */ = {isa = PBXFileReference; fileEncoding = 4; lastKnownFileType = sourcecode.swift; path = UserDetailsViewController.swift; sourceTree = "<group>"; };
		C4889CE52937598100E03D35 /* UserListViewController.swift */ = {isa = PBXFileReference; fileEncoding = 4; lastKnownFileType = sourcecode.swift; path = UserListViewController.swift; sourceTree = "<group>"; };
		C4889CE72937598100E03D35 /* UserListCustomCell.swift */ = {isa = PBXFileReference; fileEncoding = 4; lastKnownFileType = sourcecode.swift; path = UserListCustomCell.swift; sourceTree = "<group>"; };
		C7C2E6DE858933B89AFEEDD9 /* Pods-LBGAssignment.release.xcconfig */ = {isa = PBXFileReference; includeInIndex = 1; lastKnownFileType = text.xcconfig; name = "Pods-LBGAssignment.release.xcconfig"; path = "Target Support Files/Pods-LBGAssignment/Pods-LBGAssignment.release.xcconfig"; sourceTree = "<group>"; };
		CEF033E701EF97F769058D6E /* Pods-LBGAssignment.debug.xcconfig */ = {isa = PBXFileReference; includeInIndex = 1; lastKnownFileType = text.xcconfig; name = "Pods-LBGAssignment.debug.xcconfig"; path = "Target Support Files/Pods-LBGAssignment/Pods-LBGAssignment.debug.xcconfig"; sourceTree = "<group>"; };
/* End PBXFileReference section */

/* Begin PBXFrameworksBuildPhase section */
		C47E67482939FA490008D3C0 /* Frameworks */ = {
			isa = PBXFrameworksBuildPhase;
			buildActionMask = 2147483647;
			files = (
			);
			runOnlyForDeploymentPostprocessing = 0;
		};
		C4889CA02937594E00E03D35 /* Frameworks */ = {
			isa = PBXFrameworksBuildPhase;
			buildActionMask = 2147483647;
			files = (
				0E2E52DC9FB0F27FF8F73166 /* Pods_LBGAssignment.framework in Frameworks */,
			);
			runOnlyForDeploymentPostprocessing = 0;
		};
		C4889CB62937595000E03D35 /* Frameworks */ = {
			isa = PBXFrameworksBuildPhase;
			buildActionMask = 2147483647;
			files = (
				16E0C66F1D05CC8D5D322633 /* Pods_LBGAssignmentTests.framework in Frameworks */,
			);
			runOnlyForDeploymentPostprocessing = 0;
		};
/* End PBXFrameworksBuildPhase section */

/* Begin PBXGroup section */
		5318B7C4581F195298F82D3A /* Frameworks */ = {
			isa = PBXGroup;
			children = (
				B36E5A9717EAC62FA3ECB0F2 /* Pods_LBGAssignment.framework */,
				85EDD1E44DDA6891F23CAAFF /* Pods_LBGAssignmentTests.framework */,
			);
			name = Frameworks;
			sourceTree = "<group>";
		};
		B3E02EF3E1B9BFFDEB946F95 /* Pods */ = {
			isa = PBXGroup;
			children = (
				CEF033E701EF97F769058D6E /* Pods-LBGAssignment.debug.xcconfig */,
				C7C2E6DE858933B89AFEEDD9 /* Pods-LBGAssignment.release.xcconfig */,
				40643FAAA2DECE384A4E97B2 /* Pods-LBGAssignmentTests.debug.xcconfig */,
				95C2F9136DA97091340346B6 /* Pods-LBGAssignmentTests.release.xcconfig */,
			);
			path = Pods;
			sourceTree = "<group>";
		};
		C47E67402939E54F0008D3C0 /* Helpers */ = {
			isa = PBXGroup;
			children = (
				C4889CDB2937597F00E03D35 /* LocalManager.swift */,
				C46D0FAA29376EB5000DE8E5 /* Users_Empty.json */,
				C4889CD82937597F00E03D35 /* Users.json */,
				C46D0FA829376DF7000DE8E5 /* Users_Invalid.json */,
			);
			path = Helpers;
			sourceTree = "<group>";
		};
		C47E674C2939FA490008D3C0 /* LBGAssignmentUITests */ = {
			isa = PBXGroup;
			children = (
				C47E674D2939FA490008D3C0 /* LBGAssignmentUITests.swift */,
				C47E674F2939FA490008D3C0 /* LBGAssignmentUITestsLaunchTests.swift */,
			);
			path = LBGAssignmentUITests;
			sourceTree = "<group>";
		};
		C4889C9A2937594E00E03D35 = {
			isa = PBXGroup;
			children = (
				C4889CA52937594E00E03D35 /* LBGAssignment */,
				C4889CBC2937595000E03D35 /* LBGAssignmentTests */,
				C47E674C2939FA490008D3C0 /* LBGAssignmentUITests */,
				C4889CA42937594E00E03D35 /* Products */,
				B3E02EF3E1B9BFFDEB946F95 /* Pods */,
				5318B7C4581F195298F82D3A /* Frameworks */,
			);
			sourceTree = "<group>";
		};
		C4889CA42937594E00E03D35 /* Products */ = {
			isa = PBXGroup;
			children = (
				C4889CA32937594E00E03D35 /* LBGAssignment.app */,
				C4889CB92937595000E03D35 /* LBGAssignmentTests.xctest */,
				C47E674B2939FA490008D3C0 /* LBGAssignmentUITests.xctest */,
			);
			name = Products;
			sourceTree = "<group>";
		};
		C4889CA52937594E00E03D35 /* LBGAssignment */ = {
			isa = PBXGroup;
			children = (
				C4889CDD2937598000E03D35 /* Models */,
				C4889CD92937597F00E03D35 /* HTTPService */,
				C4889CD62937597F00E03D35 /* ExtensionsAndUtilities */,
				C4889CE02937598100E03D35 /* ViewModel */,
				C4889CE22937598100E03D35 /* Views */,
				C4889CA62937594E00E03D35 /* AppDelegate.swift */,
				C4889CAC2937594E00E03D35 /* Main.storyboard */,
				C4889CAF2937595000E03D35 /* Assets.xcassets */,
				C4889CB12937595000E03D35 /* LaunchScreen.storyboard */,
				C4889CB42937595000E03D35 /* Info.plist */,
			);
			path = LBGAssignment;
			sourceTree = "<group>";
		};
		C4889CBC2937595000E03D35 /* LBGAssignmentTests */ = {
			isa = PBXGroup;
			children = (
				C47E67402939E54F0008D3C0 /* Helpers */,
				C4889CBD2937595000E03D35 /* LBGAssignmentTests.swift */,
				C46D0FAD29378BBD000DE8E5 /* NetworkTests.swift */,
				C44B196E293B55D1006B80AA /* UserListViewControllerTests.swift */,
				C44B1972293B6F3B006B80AA /* UserDetailsViewControllerTests.swift */,
			);
			path = LBGAssignmentTests;
			sourceTree = "<group>";
		};
		C4889CD62937597F00E03D35 /* ExtensionsAndUtilities */ = {
			isa = PBXGroup;
			children = (
				C4889CD72937597F00E03D35 /* Constants.swift */,
				C47E672C2939DE340008D3C0 /* APIError.swift */,
				C47E67442939EA000008D3C0 /* Utils.swift */,
			);
			path = ExtensionsAndUtilities;
			sourceTree = "<group>";
		};
		C4889CD92937597F00E03D35 /* HTTPService */ = {
			isa = PBXGroup;
			children = (
				C47D5615293E4AFE00497171 /* HTTPService.swift */,
				C4889CDC2937597F00E03D35 /* Endpoint.swift */,
				C4889CDA2937597F00E03D35 /* NetworkManager.swift */,
			);
			path = HTTPService;
			sourceTree = "<group>";
		};
		C4889CDD2937598000E03D35 /* Models */ = {
			isa = PBXGroup;
			children = (
				C4889CDE2937598000E03D35 /* User.swift */,
			);
			path = Models;
			sourceTree = "<group>";
		};
		C4889CE02937598100E03D35 /* ViewModel */ = {
			isa = PBXGroup;
			children = (
				C4889CE12937598100E03D35 /* UserListViewModel.swift */,
			);
			path = ViewModel;
			sourceTree = "<group>";
		};
		C4889CE22937598100E03D35 /* Views */ = {
			isa = PBXGroup;
			children = (
				C4889CE32937598100E03D35 /* BaseViewController.swift */,
				C4889CE52937598100E03D35 /* UserListViewController.swift */,
				C4889CE42937598100E03D35 /* UserDetailsViewController.swift */,
				C4889CE62937598100E03D35 /* CustomCell */,
			);
			path = Views;
			sourceTree = "<group>";
		};
		C4889CE62937598100E03D35 /* CustomCell */ = {
			isa = PBXGroup;
			children = (
				C4889CE72937598100E03D35 /* UserListCustomCell.swift */,
			);
			path = CustomCell;
			sourceTree = "<group>";
		};
/* End PBXGroup section */

/* Begin PBXNativeTarget section */
		C47E674A2939FA490008D3C0 /* LBGAssignmentUITests */ = {
			isa = PBXNativeTarget;
			buildConfigurationList = C47E67532939FA490008D3C0 /* Build configuration list for PBXNativeTarget "LBGAssignmentUITests" */;
			buildPhases = (
				C47E67472939FA490008D3C0 /* Sources */,
				C47E67482939FA490008D3C0 /* Frameworks */,
				C47E67492939FA490008D3C0 /* Resources */,
			);
			buildRules = (
			);
			dependencies = (
				C47E67522939FA490008D3C0 /* PBXTargetDependency */,
			);
			name = LBGAssignmentUITests;
			productName = LBGAssignmentUITests;
			productReference = C47E674B2939FA490008D3C0 /* LBGAssignmentUITests.xctest */;
			productType = "com.apple.product-type.bundle.ui-testing";
		};
		C4889CA22937594E00E03D35 /* LBGAssignment */ = {
			isa = PBXNativeTarget;
			buildConfigurationList = C4889CCD2937595100E03D35 /* Build configuration list for PBXNativeTarget "LBGAssignment" */;
			buildPhases = (
				28CC854CF0DCAF253CC5AA7E /* [CP] Check Pods Manifest.lock */,
				C4889C9F2937594E00E03D35 /* Sources */,
				C4889CA02937594E00E03D35 /* Frameworks */,
				C4889CA12937594E00E03D35 /* Resources */,
				C452934B2939D47E0030B990 /* ShellScript */,
				03DAF8A4F1CD97A4CC5FFB94 /* [CP] Embed Pods Frameworks */,
			);
			buildRules = (
			);
			dependencies = (
			);
			name = LBGAssignment;
			productName = LBGAssignment;
			productReference = C4889CA32937594E00E03D35 /* LBGAssignment.app */;
			productType = "com.apple.product-type.application";
		};
		C4889CB82937595000E03D35 /* LBGAssignmentTests */ = {
			isa = PBXNativeTarget;
			buildConfigurationList = C4889CD02937595100E03D35 /* Build configuration list for PBXNativeTarget "LBGAssignmentTests" */;
			buildPhases = (
				CA104BA470E795B43DCFEE5C /* [CP] Check Pods Manifest.lock */,
				C4889CB52937595000E03D35 /* Sources */,
				C4889CB62937595000E03D35 /* Frameworks */,
				C4889CB72937595000E03D35 /* Resources */,
			);
			buildRules = (
			);
			dependencies = (
				C4889CBB2937595000E03D35 /* PBXTargetDependency */,
			);
			name = LBGAssignmentTests;
			productName = LBGAssignmentTests;
			productReference = C4889CB92937595000E03D35 /* LBGAssignmentTests.xctest */;
			productType = "com.apple.product-type.bundle.unit-test";
		};
/* End PBXNativeTarget section */

/* Begin PBXProject section */
		C4889C9B2937594E00E03D35 /* Project object */ = {
			isa = PBXProject;
			attributes = {
				BuildIndependentTargetsInParallel = 1;
				LastSwiftUpdateCheck = 1410;
				LastUpgradeCheck = 1400;
				TargetAttributes = {
					C47E674A2939FA490008D3C0 = {
						CreatedOnToolsVersion = 14.1;
						TestTargetID = C4889CA22937594E00E03D35;
					};
					C4889CA22937594E00E03D35 = {
						CreatedOnToolsVersion = 14.0;
					};
					C4889CB82937595000E03D35 = {
						CreatedOnToolsVersion = 14.0;
						TestTargetID = C4889CA22937594E00E03D35;
					};
				};
			};
			buildConfigurationList = C4889C9E2937594E00E03D35 /* Build configuration list for PBXProject "LBGAssignment" */;
			compatibilityVersion = "Xcode 13.0";
			developmentRegion = en;
			hasScannedForEncodings = 0;
			knownRegions = (
				en,
				Base,
			);
			mainGroup = C4889C9A2937594E00E03D35;
			productRefGroup = C4889CA42937594E00E03D35 /* Products */;
			projectDirPath = "";
			projectRoot = "";
			targets = (
				C4889CA22937594E00E03D35 /* LBGAssignment */,
				C4889CB82937595000E03D35 /* LBGAssignmentTests */,
				C47E674A2939FA490008D3C0 /* LBGAssignmentUITests */,
			);
		};
/* End PBXProject section */

/* Begin PBXResourcesBuildPhase section */
		C47E67492939FA490008D3C0 /* Resources */ = {
			isa = PBXResourcesBuildPhase;
			buildActionMask = 2147483647;
			files = (
			);
			runOnlyForDeploymentPostprocessing = 0;
		};
		C4889CA12937594E00E03D35 /* Resources */ = {
			isa = PBXResourcesBuildPhase;
			buildActionMask = 2147483647;
			files = (
				C4889CB32937595000E03D35 /* LaunchScreen.storyboard in Resources */,
				C4889CB02937595000E03D35 /* Assets.xcassets in Resources */,
				C4889CAE2937594E00E03D35 /* Main.storyboard in Resources */,
			);
			runOnlyForDeploymentPostprocessing = 0;
		};
		C4889CB72937595000E03D35 /* Resources */ = {
			isa = PBXResourcesBuildPhase;
			buildActionMask = 2147483647;
			files = (
				C46D0FAC29376EB5000DE8E5 /* Users_Empty.json in Resources */,
				C47E67412939E58B0008D3C0 /* Users_Invalid.json in Resources */,
				C4889CEC2937598100E03D35 /* Users.json in Resources */,
				C44B1975293B78D9006B80AA /* Main.storyboard in Resources */,
			);
			runOnlyForDeploymentPostprocessing = 0;
		};
/* End PBXResourcesBuildPhase section */

/* Begin PBXShellScriptBuildPhase section */
		03DAF8A4F1CD97A4CC5FFB94 /* [CP] Embed Pods Frameworks */ = {
			isa = PBXShellScriptBuildPhase;
			buildActionMask = 2147483647;
			files = (
			);
			inputFileListPaths = (
				"${PODS_ROOT}/Target Support Files/Pods-LBGAssignment/Pods-LBGAssignment-frameworks-${CONFIGURATION}-input-files.xcfilelist",
			);
			name = "[CP] Embed Pods Frameworks";
			outputFileListPaths = (
				"${PODS_ROOT}/Target Support Files/Pods-LBGAssignment/Pods-LBGAssignment-frameworks-${CONFIGURATION}-output-files.xcfilelist",
			);
			runOnlyForDeploymentPostprocessing = 0;
			shellPath = /bin/sh;
			shellScript = "\"${PODS_ROOT}/Target Support Files/Pods-LBGAssignment/Pods-LBGAssignment-frameworks.sh\"\n";
			showEnvVarsInLog = 0;
		};
		28CC854CF0DCAF253CC5AA7E /* [CP] Check Pods Manifest.lock */ = {
			isa = PBXShellScriptBuildPhase;
			buildActionMask = 2147483647;
			files = (
			);
			inputFileListPaths = (
			);
			inputPaths = (
				"${PODS_PODFILE_DIR_PATH}/Podfile.lock",
				"${PODS_ROOT}/Manifest.lock",
			);
			name = "[CP] Check Pods Manifest.lock";
			outputFileListPaths = (
			);
			outputPaths = (
				"$(DERIVED_FILE_DIR)/Pods-LBGAssignment-checkManifestLockResult.txt",
			);
			runOnlyForDeploymentPostprocessing = 0;
			shellPath = /bin/sh;
			shellScript = "diff \"${PODS_PODFILE_DIR_PATH}/Podfile.lock\" \"${PODS_ROOT}/Manifest.lock\" > /dev/null\nif [ $? != 0 ] ; then\n    # print error to STDERR\n    echo \"error: The sandbox is not in sync with the Podfile.lock. Run 'pod install' or update your CocoaPods installation.\" >&2\n    exit 1\nfi\n# This output is used by Xcode 'outputs' to avoid re-running this script phase.\necho \"SUCCESS\" > \"${SCRIPT_OUTPUT_FILE_0}\"\n";
			showEnvVarsInLog = 0;
		};
		C452934B2939D47E0030B990 /* ShellScript */ = {
			isa = PBXShellScriptBuildPhase;
			buildActionMask = 2147483647;
			files = (
			);
			inputFileListPaths = (
			);
			inputPaths = (
			);
			outputFileListPaths = (
			);
			outputPaths = (
			);
			runOnlyForDeploymentPostprocessing = 0;
			shellPath = /bin/sh;
			shellScript = "\"${PODS_ROOT}/SwiftLint/swiftlint\"\n";
		};
		CA104BA470E795B43DCFEE5C /* [CP] Check Pods Manifest.lock */ = {
			isa = PBXShellScriptBuildPhase;
			buildActionMask = 2147483647;
			files = (
			);
			inputFileListPaths = (
			);
			inputPaths = (
				"${PODS_PODFILE_DIR_PATH}/Podfile.lock",
				"${PODS_ROOT}/Manifest.lock",
			);
			name = "[CP] Check Pods Manifest.lock";
			outputFileListPaths = (
			);
			outputPaths = (
				"$(DERIVED_FILE_DIR)/Pods-LBGAssignmentTests-checkManifestLockResult.txt",
			);
			runOnlyForDeploymentPostprocessing = 0;
			shellPath = /bin/sh;
			shellScript = "diff \"${PODS_PODFILE_DIR_PATH}/Podfile.lock\" \"${PODS_ROOT}/Manifest.lock\" > /dev/null\nif [ $? != 0 ] ; then\n    # print error to STDERR\n    echo \"error: The sandbox is not in sync with the Podfile.lock. Run 'pod install' or update your CocoaPods installation.\" >&2\n    exit 1\nfi\n# This output is used by Xcode 'outputs' to avoid re-running this script phase.\necho \"SUCCESS\" > \"${SCRIPT_OUTPUT_FILE_0}\"\n";
			showEnvVarsInLog = 0;
		};
/* End PBXShellScriptBuildPhase section */

/* Begin PBXSourcesBuildPhase section */
		C47E67472939FA490008D3C0 /* Sources */ = {
			isa = PBXSourcesBuildPhase;
			buildActionMask = 2147483647;
			files = (
				C47E674E2939FA490008D3C0 /* LBGAssignmentUITests.swift in Sources */,
				C47E67502939FA490008D3C0 /* LBGAssignmentUITestsLaunchTests.swift in Sources */,
			);
			runOnlyForDeploymentPostprocessing = 0;
		};
		C4889C9F2937594E00E03D35 /* Sources */ = {
			isa = PBXSourcesBuildPhase;
			buildActionMask = 2147483647;
			files = (
				C4889CF42937598100E03D35 /* Endpoint.swift in Sources */,
				C4889D032937598100E03D35 /* UserDetailsViewController.swift in Sources */,
				C4889D002937598100E03D35 /* BaseViewController.swift in Sources */,
				C4889CA72937594E00E03D35 /* AppDelegate.swift in Sources */,
				C4889CEE2937598100E03D35 /* NetworkManager.swift in Sources */,
				C47E672D2939DE340008D3C0 /* APIError.swift in Sources */,
				C4889CF72937598100E03D35 /* User.swift in Sources */,
				C4889D062937598100E03D35 /* UserListViewController.swift in Sources */,
				C4889CE82937598100E03D35 /* Constants.swift in Sources */,
				C4889CFD2937598100E03D35 /* UserListViewModel.swift in Sources */,
				C4889D092937598100E03D35 /* UserListCustomCell.swift in Sources */,
				C47E67452939EA000008D3C0 /* Utils.swift in Sources */,
				C47D5616293E4AFE00497171 /* HTTPService.swift in Sources */,
			);
			runOnlyForDeploymentPostprocessing = 0;
		};
		C4889CB52937595000E03D35 /* Sources */ = {
			isa = PBXSourcesBuildPhase;
			buildActionMask = 2147483647;
			files = (
				C44B196F293B55D1006B80AA /* UserListViewControllerTests.swift in Sources */,
				C4889D042937598100E03D35 /* UserDetailsViewController.swift in Sources */,
				C4889D072937598100E03D35 /* UserListViewController.swift in Sources */,
				C4889CEF2937598100E03D35 /* NetworkManager.swift in Sources */,
				C47E67462939EFB30008D3C0 /* Utils.swift in Sources */,
				C4889CFE2937598100E03D35 /* UserListViewModel.swift in Sources */,
				C4889CBE2937595000E03D35 /* LBGAssignmentTests.swift in Sources */,
				C4889D0A2937598100E03D35 /* UserListCustomCell.swift in Sources */,
				C46D0FAE29378BBD000DE8E5 /* NetworkTests.swift in Sources */,
				C4889CF82937598100E03D35 /* User.swift in Sources */,
				C4889CE92937598100E03D35 /* Constants.swift in Sources */,
				C4889D012937598100E03D35 /* BaseViewController.swift in Sources */,
				C4889CF22937598100E03D35 /* LocalManager.swift in Sources */,
				C4889CF52937598100E03D35 /* Endpoint.swift in Sources */,
				C47E672E2939DE470008D3C0 /* APIError.swift in Sources */,
				C44B1974293B6F41006B80AA /* UserDetailsViewControllerTests.swift in Sources */,
			);
			runOnlyForDeploymentPostprocessing = 0;
		};
/* End PBXSourcesBuildPhase section */

/* Begin PBXTargetDependency section */
		C47E67522939FA490008D3C0 /* PBXTargetDependency */ = {
			isa = PBXTargetDependency;
			target = C4889CA22937594E00E03D35 /* LBGAssignment */;
			targetProxy = C47E67512939FA490008D3C0 /* PBXContainerItemProxy */;
		};
		C4889CBB2937595000E03D35 /* PBXTargetDependency */ = {
			isa = PBXTargetDependency;
			target = C4889CA22937594E00E03D35 /* LBGAssignment */;
			targetProxy = C4889CBA2937595000E03D35 /* PBXContainerItemProxy */;
		};
/* End PBXTargetDependency section */

/* Begin PBXVariantGroup section */
		C4889CAC2937594E00E03D35 /* Main.storyboard */ = {
			isa = PBXVariantGroup;
			children = (
				C4889CAD2937594E00E03D35 /* Base */,
			);
			name = Main.storyboard;
			sourceTree = "<group>";
		};
		C4889CB12937595000E03D35 /* LaunchScreen.storyboard */ = {
			isa = PBXVariantGroup;
			children = (
				C4889CB22937595000E03D35 /* Base */,
			);
			name = LaunchScreen.storyboard;
			sourceTree = "<group>";
		};
/* End PBXVariantGroup section */

/* Begin XCBuildConfiguration section */
		C47E67542939FA490008D3C0 /* Debug */ = {
			isa = XCBuildConfiguration;
			buildSettings = {
				CODE_SIGN_IDENTITY = "Apple Development";
				CODE_SIGN_STYLE = Automatic;
				CURRENT_PROJECT_VERSION = 1;
				DEVELOPMENT_TEAM = "";
				GENERATE_INFOPLIST_FILE = YES;
				IPHONEOS_DEPLOYMENT_TARGET = 14.0;
				MARKETING_VERSION = 1.0;
				PRODUCT_BUNDLE_IDENTIFIER = com.tcs.LBGAssignmentUITests;
				PRODUCT_NAME = "$(TARGET_NAME)";
				PROVISIONING_PROFILE_SPECIFIER = "";
				SWIFT_EMIT_LOC_STRINGS = NO;
				SWIFT_VERSION = 5.0;
				TARGETED_DEVICE_FAMILY = "1,2";
				TEST_TARGET_NAME = LBGAssignment;
			};
			name = Debug;
		};
		C47E67552939FA490008D3C0 /* Release */ = {
			isa = XCBuildConfiguration;
			buildSettings = {
				CODE_SIGN_IDENTITY = "Apple Development";
				CODE_SIGN_STYLE = Automatic;
				CURRENT_PROJECT_VERSION = 1;
				DEVELOPMENT_TEAM = "";
				GENERATE_INFOPLIST_FILE = YES;
				IPHONEOS_DEPLOYMENT_TARGET = 14.0;
				MARKETING_VERSION = 1.0;
				PRODUCT_BUNDLE_IDENTIFIER = com.tcs.LBGAssignmentUITests;
				PRODUCT_NAME = "$(TARGET_NAME)";
				PROVISIONING_PROFILE_SPECIFIER = "";
				SWIFT_EMIT_LOC_STRINGS = NO;
				SWIFT_VERSION = 5.0;
				TARGETED_DEVICE_FAMILY = "1,2";
				TEST_TARGET_NAME = LBGAssignment;
			};
			name = Release;
		};
		C4889CCB2937595100E03D35 /* Debug */ = {
			isa = XCBuildConfiguration;
			buildSettings = {
				ALWAYS_SEARCH_USER_PATHS = NO;
				CLANG_ANALYZER_NONNULL = YES;
				CLANG_ANALYZER_NUMBER_OBJECT_CONVERSION = YES_AGGRESSIVE;
				CLANG_CXX_LANGUAGE_STANDARD = "gnu++20";
				CLANG_ENABLE_MODULES = YES;
				CLANG_ENABLE_OBJC_ARC = YES;
				CLANG_ENABLE_OBJC_WEAK = YES;
				CLANG_WARN_BLOCK_CAPTURE_AUTORELEASING = YES;
				CLANG_WARN_BOOL_CONVERSION = YES;
				CLANG_WARN_COMMA = YES;
				CLANG_WARN_CONSTANT_CONVERSION = YES;
				CLANG_WARN_DEPRECATED_OBJC_IMPLEMENTATIONS = YES;
				CLANG_WARN_DIRECT_OBJC_ISA_USAGE = YES_ERROR;
				CLANG_WARN_DOCUMENTATION_COMMENTS = YES;
				CLANG_WARN_EMPTY_BODY = YES;
				CLANG_WARN_ENUM_CONVERSION = YES;
				CLANG_WARN_INFINITE_RECURSION = YES;
				CLANG_WARN_INT_CONVERSION = YES;
				CLANG_WARN_NON_LITERAL_NULL_CONVERSION = YES;
				CLANG_WARN_OBJC_IMPLICIT_RETAIN_SELF = YES;
				CLANG_WARN_OBJC_LITERAL_CONVERSION = YES;
				CLANG_WARN_OBJC_ROOT_CLASS = YES_ERROR;
				CLANG_WARN_QUOTED_INCLUDE_IN_FRAMEWORK_HEADER = YES;
				CLANG_WARN_RANGE_LOOP_ANALYSIS = YES;
				CLANG_WARN_STRICT_PROTOTYPES = YES;
				CLANG_WARN_SUSPICIOUS_MOVE = YES;
				CLANG_WARN_UNGUARDED_AVAILABILITY = YES_AGGRESSIVE;
				CLANG_WARN_UNREACHABLE_CODE = YES;
				CLANG_WARN__DUPLICATE_METHOD_MATCH = YES;
				COPY_PHASE_STRIP = NO;
				DEBUG_INFORMATION_FORMAT = dwarf;
				ENABLE_STRICT_OBJC_MSGSEND = YES;
				ENABLE_TESTABILITY = YES;
				GCC_C_LANGUAGE_STANDARD = gnu11;
				GCC_DYNAMIC_NO_PIC = NO;
				GCC_NO_COMMON_BLOCKS = YES;
				GCC_OPTIMIZATION_LEVEL = 0;
				GCC_PREPROCESSOR_DEFINITIONS = (
					"DEBUG=1",
					"$(inherited)",
				);
				GCC_WARN_64_TO_32_BIT_CONVERSION = YES;
				GCC_WARN_ABOUT_RETURN_TYPE = YES_ERROR;
				GCC_WARN_UNDECLARED_SELECTOR = YES;
				GCC_WARN_UNINITIALIZED_AUTOS = YES_AGGRESSIVE;
				GCC_WARN_UNUSED_FUNCTION = YES;
				GCC_WARN_UNUSED_VARIABLE = YES;
				IPHONEOS_DEPLOYMENT_TARGET = 14.0;
				MTL_ENABLE_DEBUG_INFO = INCLUDE_SOURCE;
				MTL_FAST_MATH = YES;
				ONLY_ACTIVE_ARCH = YES;
				SDKROOT = iphoneos;
				SWIFT_ACTIVE_COMPILATION_CONDITIONS = DEBUG;
				SWIFT_OPTIMIZATION_LEVEL = "-Onone";
			};
			name = Debug;
		};
		C4889CCC2937595100E03D35 /* Release */ = {
			isa = XCBuildConfiguration;
			buildSettings = {
				ALWAYS_SEARCH_USER_PATHS = NO;
				CLANG_ANALYZER_NONNULL = YES;
				CLANG_ANALYZER_NUMBER_OBJECT_CONVERSION = YES_AGGRESSIVE;
				CLANG_CXX_LANGUAGE_STANDARD = "gnu++20";
				CLANG_ENABLE_MODULES = YES;
				CLANG_ENABLE_OBJC_ARC = YES;
				CLANG_ENABLE_OBJC_WEAK = YES;
				CLANG_WARN_BLOCK_CAPTURE_AUTORELEASING = YES;
				CLANG_WARN_BOOL_CONVERSION = YES;
				CLANG_WARN_COMMA = YES;
				CLANG_WARN_CONSTANT_CONVERSION = YES;
				CLANG_WARN_DEPRECATED_OBJC_IMPLEMENTATIONS = YES;
				CLANG_WARN_DIRECT_OBJC_ISA_USAGE = YES_ERROR;
				CLANG_WARN_DOCUMENTATION_COMMENTS = YES;
				CLANG_WARN_EMPTY_BODY = YES;
				CLANG_WARN_ENUM_CONVERSION = YES;
				CLANG_WARN_INFINITE_RECURSION = YES;
				CLANG_WARN_INT_CONVERSION = YES;
				CLANG_WARN_NON_LITERAL_NULL_CONVERSION = YES;
				CLANG_WARN_OBJC_IMPLICIT_RETAIN_SELF = YES;
				CLANG_WARN_OBJC_LITERAL_CONVERSION = YES;
				CLANG_WARN_OBJC_ROOT_CLASS = YES_ERROR;
				CLANG_WARN_QUOTED_INCLUDE_IN_FRAMEWORK_HEADER = YES;
				CLANG_WARN_RANGE_LOOP_ANALYSIS = YES;
				CLANG_WARN_STRICT_PROTOTYPES = YES;
				CLANG_WARN_SUSPICIOUS_MOVE = YES;
				CLANG_WARN_UNGUARDED_AVAILABILITY = YES_AGGRESSIVE;
				CLANG_WARN_UNREACHABLE_CODE = YES;
				CLANG_WARN__DUPLICATE_METHOD_MATCH = YES;
				COPY_PHASE_STRIP = NO;
				DEBUG_INFORMATION_FORMAT = "dwarf-with-dsym";
				ENABLE_NS_ASSERTIONS = NO;
				ENABLE_STRICT_OBJC_MSGSEND = YES;
				GCC_C_LANGUAGE_STANDARD = gnu11;
				GCC_NO_COMMON_BLOCKS = YES;
				GCC_WARN_64_TO_32_BIT_CONVERSION = YES;
				GCC_WARN_ABOUT_RETURN_TYPE = YES_ERROR;
				GCC_WARN_UNDECLARED_SELECTOR = YES;
				GCC_WARN_UNINITIALIZED_AUTOS = YES_AGGRESSIVE;
				GCC_WARN_UNUSED_FUNCTION = YES;
				GCC_WARN_UNUSED_VARIABLE = YES;
				IPHONEOS_DEPLOYMENT_TARGET = 14.0;
				MTL_ENABLE_DEBUG_INFO = NO;
				MTL_FAST_MATH = YES;
				SDKROOT = iphoneos;
				SWIFT_COMPILATION_MODE = wholemodule;
				SWIFT_OPTIMIZATION_LEVEL = "-O";
				VALIDATE_PRODUCT = YES;
			};
			name = Release;
		};
		C4889CCE2937595100E03D35 /* Debug */ = {
			isa = XCBuildConfiguration;
			baseConfigurationReference = CEF033E701EF97F769058D6E /* Pods-LBGAssignment.debug.xcconfig */;
			buildSettings = {
				ASSETCATALOG_COMPILER_APPICON_NAME = AppIcon;
				ASSETCATALOG_COMPILER_GLOBAL_ACCENT_COLOR_NAME = AccentColor;
				CODE_SIGN_IDENTITY = "Apple Development";
				CODE_SIGN_STYLE = Automatic;
				CURRENT_PROJECT_VERSION = 1;
				DEVELOPMENT_TEAM = "";
				GENERATE_INFOPLIST_FILE = YES;
				INFOPLIST_FILE = LBGAssignment/Info.plist;
				INFOPLIST_KEY_UIApplicationSupportsIndirectInputEvents = YES;
				INFOPLIST_KEY_UILaunchStoryboardName = LaunchScreen;
				INFOPLIST_KEY_UIMainStoryboardFile = Main;
				INFOPLIST_KEY_UISupportedInterfaceOrientations_iPad = "UIInterfaceOrientationPortrait UIInterfaceOrientationPortraitUpsideDown UIInterfaceOrientationLandscapeLeft UIInterfaceOrientationLandscapeRight";
				INFOPLIST_KEY_UISupportedInterfaceOrientations_iPhone = "UIInterfaceOrientationPortrait UIInterfaceOrientationLandscapeLeft UIInterfaceOrientationLandscapeRight";
				LD_RUNPATH_SEARCH_PATHS = (
					"$(inherited)",
					"@executable_path/Frameworks",
				);
				MARKETING_VERSION = 1.0;
				PRODUCT_BUNDLE_IDENTIFIER = com.tcs.LBGAssignment;
				PRODUCT_NAME = "$(TARGET_NAME)";
				PROVISIONING_PROFILE_SPECIFIER = "";
				SWIFT_EMIT_LOC_STRINGS = YES;
				SWIFT_VERSION = 5.0;
				TARGETED_DEVICE_FAMILY = "1,2";
			};
			name = Debug;
		};
		C4889CCF2937595100E03D35 /* Release */ = {
			isa = XCBuildConfiguration;
			baseConfigurationReference = C7C2E6DE858933B89AFEEDD9 /* Pods-LBGAssignment.release.xcconfig */;
			buildSettings = {
				ASSETCATALOG_COMPILER_APPICON_NAME = AppIcon;
				ASSETCATALOG_COMPILER_GLOBAL_ACCENT_COLOR_NAME = AccentColor;
				CODE_SIGN_IDENTITY = "Apple Development";
				CODE_SIGN_STYLE = Automatic;
				CURRENT_PROJECT_VERSION = 1;
				DEVELOPMENT_TEAM = "";
				GENERATE_INFOPLIST_FILE = YES;
				INFOPLIST_FILE = LBGAssignment/Info.plist;
				INFOPLIST_KEY_UIApplicationSupportsIndirectInputEvents = YES;
				INFOPLIST_KEY_UILaunchStoryboardName = LaunchScreen;
				INFOPLIST_KEY_UIMainStoryboardFile = Main;
				INFOPLIST_KEY_UISupportedInterfaceOrientations_iPad = "UIInterfaceOrientationPortrait UIInterfaceOrientationPortraitUpsideDown UIInterfaceOrientationLandscapeLeft UIInterfaceOrientationLandscapeRight";
				INFOPLIST_KEY_UISupportedInterfaceOrientations_iPhone = "UIInterfaceOrientationPortrait UIInterfaceOrientationLandscapeLeft UIInterfaceOrientationLandscapeRight";
				LD_RUNPATH_SEARCH_PATHS = (
					"$(inherited)",
					"@executable_path/Frameworks",
				);
				MARKETING_VERSION = 1.0;
				PRODUCT_BUNDLE_IDENTIFIER = com.tcs.LBGAssignment;
				PRODUCT_NAME = "$(TARGET_NAME)";
				PROVISIONING_PROFILE_SPECIFIER = "";
				SWIFT_EMIT_LOC_STRINGS = YES;
				SWIFT_VERSION = 5.0;
				TARGETED_DEVICE_FAMILY = "1,2";
			};
			name = Release;
		};
		C4889CD12937595100E03D35 /* Debug */ = {
			isa = XCBuildConfiguration;
			baseConfigurationReference = 40643FAAA2DECE384A4E97B2 /* Pods-LBGAssignmentTests.debug.xcconfig */;
			buildSettings = {
				ALWAYS_EMBED_SWIFT_STANDARD_LIBRARIES = YES;
				BUNDLE_LOADER = "$(TEST_HOST)";
				CODE_SIGN_IDENTITY = "Apple Development";
				CODE_SIGN_STYLE = Automatic;
				CURRENT_PROJECT_VERSION = 1;
				DEVELOPMENT_TEAM = "";
				GENERATE_INFOPLIST_FILE = YES;
				IPHONEOS_DEPLOYMENT_TARGET = 14.0;
				MARKETING_VERSION = 1.0;
				PRODUCT_BUNDLE_IDENTIFIER = com.tcs.LBGAssignmentTests;
				PRODUCT_NAME = "$(TARGET_NAME)";
				PROVISIONING_PROFILE_SPECIFIER = "";
				SWIFT_EMIT_LOC_STRINGS = NO;
				SWIFT_VERSION = 5.0;
				TARGETED_DEVICE_FAMILY = "1,2";
				TEST_HOST = "$(BUILT_PRODUCTS_DIR)/LBGAssignment.app/LBGAssignment";
			};
			name = Debug;
		};
		C4889CD22937595100E03D35 /* Release */ = {
			isa = XCBuildConfiguration;
			baseConfigurationReference = 95C2F9136DA97091340346B6 /* Pods-LBGAssignmentTests.release.xcconfig */;
			buildSettings = {
				ALWAYS_EMBED_SWIFT_STANDARD_LIBRARIES = YES;
				BUNDLE_LOADER = "$(TEST_HOST)";
				CODE_SIGN_IDENTITY = "Apple Development";
				CODE_SIGN_STYLE = Automatic;
				CURRENT_PROJECT_VERSION = 1;
				DEVELOPMENT_TEAM = "";
				GENERATE_INFOPLIST_FILE = YES;
				IPHONEOS_DEPLOYMENT_TARGET = 14.0;
				MARKETING_VERSION = 1.0;
				PRODUCT_BUNDLE_IDENTIFIER = com.tcs.LBGAssignmentTests;
				PRODUCT_NAME = "$(TARGET_NAME)";
				PROVISIONING_PROFILE_SPECIFIER = "";
				SWIFT_EMIT_LOC_STRINGS = NO;
				SWIFT_VERSION = 5.0;
				TARGETED_DEVICE_FAMILY = "1,2";
				TEST_HOST = "$(BUILT_PRODUCTS_DIR)/LBGAssignment.app/LBGAssignment";
			};
			name = Release;
		};
/* End XCBuildConfiguration section */

/* Begin XCConfigurationList section */
		C47E67532939FA490008D3C0 /* Build configuration list for PBXNativeTarget "LBGAssignmentUITests" */ = {
			isa = XCConfigurationList;
			buildConfigurations = (
				C47E67542939FA490008D3C0 /* Debug */,
				C47E67552939FA490008D3C0 /* Release */,
			);
			defaultConfigurationIsVisible = 0;
			defaultConfigurationName = Release;
		};
		C4889C9E2937594E00E03D35 /* Build configuration list for PBXProject "LBGAssignment" */ = {
			isa = XCConfigurationList;
			buildConfigurations = (
				C4889CCB2937595100E03D35 /* Debug */,
				C4889CCC2937595100E03D35 /* Release */,
			);
			defaultConfigurationIsVisible = 0;
			defaultConfigurationName = Release;
		};
		C4889CCD2937595100E03D35 /* Build configuration list for PBXNativeTarget "LBGAssignment" */ = {
			isa = XCConfigurationList;
			buildConfigurations = (
				C4889CCE2937595100E03D35 /* Debug */,
				C4889CCF2937595100E03D35 /* Release */,
			);
			defaultConfigurationIsVisible = 0;
			defaultConfigurationName = Release;
		};
		C4889CD02937595100E03D35 /* Build configuration list for PBXNativeTarget "LBGAssignmentTests" */ = {
			isa = XCConfigurationList;
			buildConfigurations = (
				C4889CD12937595100E03D35 /* Debug */,
				C4889CD22937595100E03D35 /* Release */,
			);
			defaultConfigurationIsVisible = 0;
			defaultConfigurationName = Release;
		};
/* End XCConfigurationList section */
	};
	rootObject = C4889C9B2937594E00E03D35 /* Project object */;
}
